// !$*UTF8*$!
{
	archiveVersion = 1;
	classes = {
	};
	objectVersion = 56;
	objects = {

/* Begin PBXBuildFile section */
		CCF23E2E28F3A4D700E105E1 /* AppDelegate.swift in Sources */ = {isa = PBXBuildFile; fileRef = CCF23E2D28F3A4D700E105E1 /* AppDelegate.swift */; };
		CCF23E3028F3A4D700E105E1 /* SceneDelegate.swift in Sources */ = {isa = PBXBuildFile; fileRef = CCF23E2F28F3A4D700E105E1 /* SceneDelegate.swift */; };
		CCF23E3528F3A4D700E105E1 /* Main.storyboard in Resources */ = {isa = PBXBuildFile; fileRef = CCF23E3328F3A4D700E105E1 /* Main.storyboard */; };
		CCF23E3828F3A4D700E105E1 /* Toss.xcdatamodeld in Sources */ = {isa = PBXBuildFile; fileRef = CCF23E3628F3A4D700E105E1 /* Toss.xcdatamodeld */; };
		CCF23E3A28F3A4D700E105E1 /* Assets.xcassets in Resources */ = {isa = PBXBuildFile; fileRef = CCF23E3928F3A4D700E105E1 /* Assets.xcassets */; };
		CCF23E3D28F3A4D700E105E1 /* LaunchScreen.storyboard in Resources */ = {isa = PBXBuildFile; fileRef = CCF23E3B28F3A4D700E105E1 /* LaunchScreen.storyboard */; };
		CCF23E4828F3A4D800E105E1 /* TossTests.swift in Sources */ = {isa = PBXBuildFile; fileRef = CCF23E4728F3A4D800E105E1 /* TossTests.swift */; };
		CCF23E5228F3A4D800E105E1 /* TossUITests.swift in Sources */ = {isa = PBXBuildFile; fileRef = CCF23E5128F3A4D800E105E1 /* TossUITests.swift */; };
		CCF23E5428F3A4D800E105E1 /* TossUITestsLaunchTests.swift in Sources */ = {isa = PBXBuildFile; fileRef = CCF23E5328F3A4D800E105E1 /* TossUITestsLaunchTests.swift */; };
		CCF23E6128F3A54900E105E1 /* BenefitListViewController.swift in Sources */ = {isa = PBXBuildFile; fileRef = CCF23E6028F3A54900E105E1 /* BenefitListViewController.swift */; };
		CCF23E6628F3A77000E105E1 /* Benefit.swift in Sources */ = {isa = PBXBuildFile; fileRef = CCF23E6528F3A77000E105E1 /* Benefit.swift */; };
		CCF23E6828F3A78000E105E1 /* MyPoint.swift in Sources */ = {isa = PBXBuildFile; fileRef = CCF23E6728F3A78000E105E1 /* MyPoint.swift */; };
		CCF23E6A28F3A9A600E105E1 /* MyPointCell.swift in Sources */ = {isa = PBXBuildFile; fileRef = CCF23E6928F3A9A600E105E1 /* MyPointCell.swift */; };
		CCF23E6C28F3A9B500E105E1 /* TodayBenefitCell.swift in Sources */ = {isa = PBXBuildFile; fileRef = CCF23E6B28F3A9B500E105E1 /* TodayBenefitCell.swift */; };
		CCF23E6E28F3A9D200E105E1 /* BenefitCell.swift in Sources */ = {isa = PBXBuildFile; fileRef = CCF23E6D28F3A9D200E105E1 /* BenefitCell.swift */; };
		CCF23E7128F3AC5E00E105E1 /* TodaySectionItem.swift in Sources */ = {isa = PBXBuildFile; fileRef = CCF23E7028F3AC5E00E105E1 /* TodaySectionItem.swift */; };
/* End PBXBuildFile section */

/* Begin PBXContainerItemProxy section */
		CCF23E4428F3A4D800E105E1 /* PBXContainerItemProxy */ = {
			isa = PBXContainerItemProxy;
			containerPortal = CCF23E2228F3A4D700E105E1 /* Project object */;
			proxyType = 1;
			remoteGlobalIDString = CCF23E2928F3A4D700E105E1;
			remoteInfo = Toss;
		};
		CCF23E4E28F3A4D800E105E1 /* PBXContainerItemProxy */ = {
			isa = PBXContainerItemProxy;
			containerPortal = CCF23E2228F3A4D700E105E1 /* Project object */;
			proxyType = 1;
			remoteGlobalIDString = CCF23E2928F3A4D700E105E1;
			remoteInfo = Toss;
		};
/* End PBXContainerItemProxy section */

/* Begin PBXFileReference section */
		CCF23E2A28F3A4D700E105E1 /* Toss.app */ = {isa = PBXFileReference; explicitFileType = wrapper.application; includeInIndex = 0; path = Toss.app; sourceTree = BUILT_PRODUCTS_DIR; };
		CCF23E2D28F3A4D700E105E1 /* AppDelegate.swift */ = {isa = PBXFileReference; lastKnownFileType = sourcecode.swift; path = AppDelegate.swift; sourceTree = "<group>"; };
		CCF23E2F28F3A4D700E105E1 /* SceneDelegate.swift */ = {isa = PBXFileReference; lastKnownFileType = sourcecode.swift; path = SceneDelegate.swift; sourceTree = "<group>"; };
		CCF23E3428F3A4D700E105E1 /* Base */ = {isa = PBXFileReference; lastKnownFileType = file.storyboard; name = Base; path = Base.lproj/Main.storyboard; sourceTree = "<group>"; };
		CCF23E3728F3A4D700E105E1 /* Toss.xcdatamodel */ = {isa = PBXFileReference; lastKnownFileType = wrapper.xcdatamodel; path = Toss.xcdatamodel; sourceTree = "<group>"; };
		CCF23E3928F3A4D700E105E1 /* Assets.xcassets */ = {isa = PBXFileReference; lastKnownFileType = folder.assetcatalog; path = Assets.xcassets; sourceTree = "<group>"; };
		CCF23E3C28F3A4D700E105E1 /* Base */ = {isa = PBXFileReference; lastKnownFileType = file.storyboard; name = Base; path = Base.lproj/LaunchScreen.storyboard; sourceTree = "<group>"; };
		CCF23E3E28F3A4D700E105E1 /* Info.plist */ = {isa = PBXFileReference; lastKnownFileType = text.plist.xml; path = Info.plist; sourceTree = "<group>"; };
		CCF23E4328F3A4D800E105E1 /* TossTests.xctest */ = {isa = PBXFileReference; explicitFileType = wrapper.cfbundle; includeInIndex = 0; path = TossTests.xctest; sourceTree = BUILT_PRODUCTS_DIR; };
		CCF23E4728F3A4D800E105E1 /* TossTests.swift */ = {isa = PBXFileReference; lastKnownFileType = sourcecode.swift; path = TossTests.swift; sourceTree = "<group>"; };
		CCF23E4D28F3A4D800E105E1 /* TossUITests.xctest */ = {isa = PBXFileReference; explicitFileType = wrapper.cfbundle; includeInIndex = 0; path = TossUITests.xctest; sourceTree = BUILT_PRODUCTS_DIR; };
		CCF23E5128F3A4D800E105E1 /* TossUITests.swift */ = {isa = PBXFileReference; lastKnownFileType = sourcecode.swift; path = TossUITests.swift; sourceTree = "<group>"; };
		CCF23E5328F3A4D800E105E1 /* TossUITestsLaunchTests.swift */ = {isa = PBXFileReference; lastKnownFileType = sourcecode.swift; path = TossUITestsLaunchTests.swift; sourceTree = "<group>"; };
		CCF23E6028F3A54900E105E1 /* BenefitListViewController.swift */ = {isa = PBXFileReference; lastKnownFileType = sourcecode.swift; path = BenefitListViewController.swift; sourceTree = "<group>"; };
		CCF23E6528F3A77000E105E1 /* Benefit.swift */ = {isa = PBXFileReference; lastKnownFileType = sourcecode.swift; path = Benefit.swift; sourceTree = "<group>"; };
		CCF23E6728F3A78000E105E1 /* MyPoint.swift */ = {isa = PBXFileReference; lastKnownFileType = sourcecode.swift; path = MyPoint.swift; sourceTree = "<group>"; };
		CCF23E6928F3A9A600E105E1 /* MyPointCell.swift */ = {isa = PBXFileReference; lastKnownFileType = sourcecode.swift; path = MyPointCell.swift; sourceTree = "<group>"; };
		CCF23E6B28F3A9B500E105E1 /* TodayBenefitCell.swift */ = {isa = PBXFileReference; lastKnownFileType = sourcecode.swift; path = TodayBenefitCell.swift; sourceTree = "<group>"; };
		CCF23E6D28F3A9D200E105E1 /* BenefitCell.swift */ = {isa = PBXFileReference; lastKnownFileType = sourcecode.swift; path = BenefitCell.swift; sourceTree = "<group>"; };
		CCF23E7028F3AC5E00E105E1 /* TodaySectionItem.swift */ = {isa = PBXFileReference; lastKnownFileType = sourcecode.swift; path = TodaySectionItem.swift; sourceTree = "<group>"; };
/* End PBXFileReference section */

/* Begin PBXFrameworksBuildPhase section */
		CCF23E2728F3A4D700E105E1 /* Frameworks */ = {
			isa = PBXFrameworksBuildPhase;
			buildActionMask = 2147483647;
			files = (
			);
			runOnlyForDeploymentPostprocessing = 0;
		};
		CCF23E4028F3A4D800E105E1 /* Frameworks */ = {
			isa = PBXFrameworksBuildPhase;
			buildActionMask = 2147483647;
			files = (
			);
			runOnlyForDeploymentPostprocessing = 0;
		};
		CCF23E4A28F3A4D800E105E1 /* Frameworks */ = {
			isa = PBXFrameworksBuildPhase;
			buildActionMask = 2147483647;
			files = (
			);
			runOnlyForDeploymentPostprocessing = 0;
		};
/* End PBXFrameworksBuildPhase section */

/* Begin PBXGroup section */
		CCF23E2128F3A4D700E105E1 = {
			isa = PBXGroup;
			children = (
				CCF23E2C28F3A4D700E105E1 /* Toss */,
				CCF23E4628F3A4D800E105E1 /* TossTests */,
				CCF23E5028F3A4D800E105E1 /* TossUITests */,
				CCF23E2B28F3A4D700E105E1 /* Products */,
			);
			sourceTree = "<group>";
		};
		CCF23E2B28F3A4D700E105E1 /* Products */ = {
			isa = PBXGroup;
			children = (
				CCF23E2A28F3A4D700E105E1 /* Toss.app */,
				CCF23E4328F3A4D800E105E1 /* TossTests.xctest */,
				CCF23E4D28F3A4D800E105E1 /* TossUITests.xctest */,
			);
			name = Products;
			sourceTree = "<group>";
		};
		CCF23E2C28F3A4D700E105E1 /* Toss */ = {
			isa = PBXGroup;
			children = (
				CCF23E2D28F3A4D700E105E1 /* AppDelegate.swift */,
				CCF23E2F28F3A4D700E105E1 /* SceneDelegate.swift */,
				CCF23E3928F3A4D700E105E1 /* Assets.xcassets */,
				CCF23E3B28F3A4D700E105E1 /* LaunchScreen.storyboard */,
				CCF23E6328F3A72D00E105E1 /* ViewController */,
				CCF23E6428F3A75800E105E1 /* Model */,
				CCF23E6F28F3A9D600E105E1 /* Cell */,
				CCF23E3E28F3A4D700E105E1 /* Info.plist */,
				CCF23E3628F3A4D700E105E1 /* Toss.xcdatamodeld */,
			);
			path = Toss;
			sourceTree = "<group>";
		};
		CCF23E4628F3A4D800E105E1 /* TossTests */ = {
			isa = PBXGroup;
			children = (
				CCF23E4728F3A4D800E105E1 /* TossTests.swift */,
			);
			path = TossTests;
			sourceTree = "<group>";
		};
		CCF23E5028F3A4D800E105E1 /* TossUITests */ = {
			isa = PBXGroup;
			children = (
				CCF23E5128F3A4D800E105E1 /* TossUITests.swift */,
				CCF23E5328F3A4D800E105E1 /* TossUITestsLaunchTests.swift */,
			);
			path = TossUITests;
			sourceTree = "<group>";
		};
		CCF23E6328F3A72D00E105E1 /* ViewController */ = {
			isa = PBXGroup;
			children = (
				CCF23E3328F3A4D700E105E1 /* Main.storyboard */,
				CCF23E6028F3A54900E105E1 /* BenefitListViewController.swift */,
			);
			path = ViewController;
			sourceTree = "<group>";
		};
		CCF23E6428F3A75800E105E1 /* Model */ = {
			isa = PBXGroup;
			children = (
				CCF23E6528F3A77000E105E1 /* Benefit.swift */,
				CCF23E6728F3A78000E105E1 /* MyPoint.swift */,
				CCF23E7028F3AC5E00E105E1 /* TodaySectionItem.swift */,
			);
			path = Model;
			sourceTree = "<group>";
		};
		CCF23E6F28F3A9D600E105E1 /* Cell */ = {
			isa = PBXGroup;
			children = (
				CCF23E6928F3A9A600E105E1 /* MyPointCell.swift */,
				CCF23E6B28F3A9B500E105E1 /* TodayBenefitCell.swift */,
				CCF23E6D28F3A9D200E105E1 /* BenefitCell.swift */,
			);
			path = Cell;
			sourceTree = "<group>";
		};
/* End PBXGroup section */

/* Begin PBXNativeTarget section */
		CCF23E2928F3A4D700E105E1 /* Toss */ = {
			isa = PBXNativeTarget;
			buildConfigurationList = CCF23E5728F3A4D800E105E1 /* Build configuration list for PBXNativeTarget "Toss" */;
			buildPhases = (
				CCF23E2628F3A4D700E105E1 /* Sources */,
				CCF23E2728F3A4D700E105E1 /* Frameworks */,
				CCF23E2828F3A4D700E105E1 /* Resources */,
			);
			buildRules = (
			);
			dependencies = (
			);
			name = Toss;
			productName = Toss;
			productReference = CCF23E2A28F3A4D700E105E1 /* Toss.app */;
			productType = "com.apple.product-type.application";
		};
		CCF23E4228F3A4D800E105E1 /* TossTests */ = {
			isa = PBXNativeTarget;
			buildConfigurationList = CCF23E5A28F3A4D800E105E1 /* Build configuration list for PBXNativeTarget "TossTests" */;
			buildPhases = (
				CCF23E3F28F3A4D800E105E1 /* Sources */,
				CCF23E4028F3A4D800E105E1 /* Frameworks */,
				CCF23E4128F3A4D800E105E1 /* Resources */,
			);
			buildRules = (
			);
			dependencies = (
				CCF23E4528F3A4D800E105E1 /* PBXTargetDependency */,
			);
			name = TossTests;
			productName = TossTests;
			productReference = CCF23E4328F3A4D800E105E1 /* TossTests.xctest */;
			productType = "com.apple.product-type.bundle.unit-test";
		};
		CCF23E4C28F3A4D800E105E1 /* TossUITests */ = {
			isa = PBXNativeTarget;
			buildConfigurationList = CCF23E5D28F3A4D800E105E1 /* Build configuration list for PBXNativeTarget "TossUITests" */;
			buildPhases = (
				CCF23E4928F3A4D800E105E1 /* Sources */,
				CCF23E4A28F3A4D800E105E1 /* Frameworks */,
				CCF23E4B28F3A4D800E105E1 /* Resources */,
			);
			buildRules = (
			);
			dependencies = (
				CCF23E4F28F3A4D800E105E1 /* PBXTargetDependency */,
			);
			name = TossUITests;
			productName = TossUITests;
			productReference = CCF23E4D28F3A4D800E105E1 /* TossUITests.xctest */;
			productType = "com.apple.product-type.bundle.ui-testing";
		};
/* End PBXNativeTarget section */

/* Begin PBXProject section */
		CCF23E2228F3A4D700E105E1 /* Project object */ = {
			isa = PBXProject;
			attributes = {
				BuildIndependentTargetsInParallel = 1;
				LastSwiftUpdateCheck = 1400;
				LastUpgradeCheck = 1400;
				TargetAttributes = {
					CCF23E2928F3A4D700E105E1 = {
						CreatedOnToolsVersion = 14.0.1;
					};
					CCF23E4228F3A4D800E105E1 = {
						CreatedOnToolsVersion = 14.0.1;
						TestTargetID = CCF23E2928F3A4D700E105E1;
					};
					CCF23E4C28F3A4D800E105E1 = {
						CreatedOnToolsVersion = 14.0.1;
						TestTargetID = CCF23E2928F3A4D700E105E1;
					};
				};
			};
			buildConfigurationList = CCF23E2528F3A4D700E105E1 /* Build configuration list for PBXProject "Toss" */;
			compatibilityVersion = "Xcode 14.0";
			developmentRegion = en;
			hasScannedForEncodings = 0;
			knownRegions = (
				en,
				Base,
			);
			mainGroup = CCF23E2128F3A4D700E105E1;
			productRefGroup = CCF23E2B28F3A4D700E105E1 /* Products */;
			projectDirPath = "";
			projectRoot = "";
			targets = (
				CCF23E2928F3A4D700E105E1 /* Toss */,
				CCF23E4228F3A4D800E105E1 /* TossTests */,
				CCF23E4C28F3A4D800E105E1 /* TossUITests */,
			);
		};
/* End PBXProject section */

/* Begin PBXResourcesBuildPhase section */
		CCF23E2828F3A4D700E105E1 /* Resources */ = {
			isa = PBXResourcesBuildPhase;
			buildActionMask = 2147483647;
			files = (
				CCF23E3D28F3A4D700E105E1 /* LaunchScreen.storyboard in Resources */,
				CCF23E3A28F3A4D700E105E1 /* Assets.xcassets in Resources */,
				CCF23E3528F3A4D700E105E1 /* Main.storyboard in Resources */,
			);
			runOnlyForDeploymentPostprocessing = 0;
		};
		CCF23E4128F3A4D800E105E1 /* Resources */ = {
			isa = PBXResourcesBuildPhase;
			buildActionMask = 2147483647;
			files = (
			);
			runOnlyForDeploymentPostprocessing = 0;
		};
		CCF23E4B28F3A4D800E105E1 /* Resources */ = {
			isa = PBXResourcesBuildPhase;
			buildActionMask = 2147483647;
			files = (
			);
			runOnlyForDeploymentPostprocessing = 0;
		};
/* End PBXResourcesBuildPhase section */

/* Begin PBXSourcesBuildPhase section */
		CCF23E2628F3A4D700E105E1 /* Sources */ = {
			isa = PBXSourcesBuildPhase;
			buildActionMask = 2147483647;
			files = (
				CCF23E6A28F3A9A600E105E1 /* MyPointCell.swift in Sources */,
				CCF23E2E28F3A4D700E105E1 /* AppDelegate.swift in Sources */,
				CCF23E6E28F3A9D200E105E1 /* BenefitCell.swift in Sources */,
				CCF23E3828F3A4D700E105E1 /* Toss.xcdatamodeld in Sources */,
				CCF23E7128F3AC5E00E105E1 /* TodaySectionItem.swift in Sources */,
				CCF23E6828F3A78000E105E1 /* MyPoint.swift in Sources */,
				CCF23E6128F3A54900E105E1 /* BenefitListViewController.swift in Sources */,
				CCF23E6628F3A77000E105E1 /* Benefit.swift in Sources */,
				CCF23E3028F3A4D700E105E1 /* SceneDelegate.swift in Sources */,
				CCF23E6C28F3A9B500E105E1 /* TodayBenefitCell.swift in Sources */,
			);
			runOnlyForDeploymentPostprocessing = 0;
		};
		CCF23E3F28F3A4D800E105E1 /* Sources */ = {
			isa = PBXSourcesBuildPhase;
			buildActionMask = 2147483647;
			files = (
				CCF23E4828F3A4D800E105E1 /* TossTests.swift in Sources */,
			);
			runOnlyForDeploymentPostprocessing = 0;
		};
		CCF23E4928F3A4D800E105E1 /* Sources */ = {
			isa = PBXSourcesBuildPhase;
			buildActionMask = 2147483647;
			files = (
				CCF23E5228F3A4D800E105E1 /* TossUITests.swift in Sources */,
				CCF23E5428F3A4D800E105E1 /* TossUITestsLaunchTests.swift in Sources */,
			);
			runOnlyForDeploymentPostprocessing = 0;
		};
/* End PBXSourcesBuildPhase section */

/* Begin PBXTargetDependency section */
		CCF23E4528F3A4D800E105E1 /* PBXTargetDependency */ = {
			isa = PBXTargetDependency;
			target = CCF23E2928F3A4D700E105E1 /* Toss */;
			targetProxy = CCF23E4428F3A4D800E105E1 /* PBXContainerItemProxy */;
		};
		CCF23E4F28F3A4D800E105E1 /* PBXTargetDependency */ = {
			isa = PBXTargetDependency;
			target = CCF23E2928F3A4D700E105E1 /* Toss */;
			targetProxy = CCF23E4E28F3A4D800E105E1 /* PBXContainerItemProxy */;
		};
/* End PBXTargetDependency section */

/* Begin PBXVariantGroup section */
		CCF23E3328F3A4D700E105E1 /* Main.storyboard */ = {
			isa = PBXVariantGroup;
			children = (
				CCF23E3428F3A4D700E105E1 /* Base */,
			);
			name = Main.storyboard;
			sourceTree = "<group>";
		};
		CCF23E3B28F3A4D700E105E1 /* LaunchScreen.storyboard */ = {
			isa = PBXVariantGroup;
			children = (
				CCF23E3C28F3A4D700E105E1 /* Base */,
			);
			name = LaunchScreen.storyboard;
			sourceTree = "<group>";
		};
/* End PBXVariantGroup section */

/* Begin XCBuildConfiguration section */
		CCF23E5528F3A4D800E105E1 /* Debug */ = {
			isa = XCBuildConfiguration;
			buildSettings = {
				ALWAYS_SEARCH_USER_PATHS = NO;
				CLANG_ANALYZER_NONNULL = YES;
				CLANG_ANALYZER_NUMBER_OBJECT_CONVERSION = YES_AGGRESSIVE;
				CLANG_CXX_LANGUAGE_STANDARD = "gnu++20";
				CLANG_ENABLE_MODULES = YES;
				CLANG_ENABLE_OBJC_ARC = YES;
				CLANG_ENABLE_OBJC_WEAK = YES;
				CLANG_WARN_BLOCK_CAPTURE_AUTORELEASING = YES;
				CLANG_WARN_BOOL_CONVERSION = YES;
				CLANG_WARN_COMMA = YES;
				CLANG_WARN_CONSTANT_CONVERSION = YES;
				CLANG_WARN_DEPRECATED_OBJC_IMPLEMENTATIONS = YES;
				CLANG_WARN_DIRECT_OBJC_ISA_USAGE = YES_ERROR;
				CLANG_WARN_DOCUMENTATION_COMMENTS = YES;
				CLANG_WARN_EMPTY_BODY = YES;
				CLANG_WARN_ENUM_CONVERSION = YES;
				CLANG_WARN_INFINITE_RECURSION = YES;
				CLANG_WARN_INT_CONVERSION = YES;
				CLANG_WARN_NON_LITERAL_NULL_CONVERSION = YES;
				CLANG_WARN_OBJC_IMPLICIT_RETAIN_SELF = YES;
				CLANG_WARN_OBJC_LITERAL_CONVERSION = YES;
				CLANG_WARN_OBJC_ROOT_CLASS = YES_ERROR;
				CLANG_WARN_QUOTED_INCLUDE_IN_FRAMEWORK_HEADER = YES;
				CLANG_WARN_RANGE_LOOP_ANALYSIS = YES;
				CLANG_WARN_STRICT_PROTOTYPES = YES;
				CLANG_WARN_SUSPICIOUS_MOVE = YES;
				CLANG_WARN_UNGUARDED_AVAILABILITY = YES_AGGRESSIVE;
				CLANG_WARN_UNREACHABLE_CODE = YES;
				CLANG_WARN__DUPLICATE_METHOD_MATCH = YES;
				COPY_PHASE_STRIP = NO;
				DEBUG_INFORMATION_FORMAT = dwarf;
				ENABLE_STRICT_OBJC_MSGSEND = YES;
				ENABLE_TESTABILITY = YES;
				GCC_C_LANGUAGE_STANDARD = gnu11;
				GCC_DYNAMIC_NO_PIC = NO;
				GCC_NO_COMMON_BLOCKS = YES;
				GCC_OPTIMIZATION_LEVEL = 0;
				GCC_PREPROCESSOR_DEFINITIONS = (
					"DEBUG=1",
					"$(inherited)",
				);
				GCC_WARN_64_TO_32_BIT_CONVERSION = YES;
				GCC_WARN_ABOUT_RETURN_TYPE = YES_ERROR;
				GCC_WARN_UNDECLARED_SELECTOR = YES;
				GCC_WARN_UNINITIALIZED_AUTOS = YES_AGGRESSIVE;
				GCC_WARN_UNUSED_FUNCTION = YES;
				GCC_WARN_UNUSED_VARIABLE = YES;
				IPHONEOS_DEPLOYMENT_TARGET = 16.0;
				MTL_ENABLE_DEBUG_INFO = INCLUDE_SOURCE;
				MTL_FAST_MATH = YES;
				ONLY_ACTIVE_ARCH = YES;
				SDKROOT = iphoneos;
				SWIFT_ACTIVE_COMPILATION_CONDITIONS = DEBUG;
				SWIFT_OPTIMIZATION_LEVEL = "-Onone";
			};
			name = Debug;
		};
		CCF23E5628F3A4D800E105E1 /* Release */ = {
			isa = XCBuildConfiguration;
			buildSettings = {
				ALWAYS_SEARCH_USER_PATHS = NO;
				CLANG_ANALYZER_NONNULL = YES;
				CLANG_ANALYZER_NUMBER_OBJECT_CONVERSION = YES_AGGRESSIVE;
				CLANG_CXX_LANGUAGE_STANDARD = "gnu++20";
				CLANG_ENABLE_MODULES = YES;
				CLANG_ENABLE_OBJC_ARC = YES;
				CLANG_ENABLE_OBJC_WEAK = YES;
				CLANG_WARN_BLOCK_CAPTURE_AUTORELEASING = YES;
				CLANG_WARN_BOOL_CONVERSION = YES;
				CLANG_WARN_COMMA = YES;
				CLANG_WARN_CONSTANT_CONVERSION = YES;
				CLANG_WARN_DEPRECATED_OBJC_IMPLEMENTATIONS = YES;
				CLANG_WARN_DIRECT_OBJC_ISA_USAGE = YES_ERROR;
				CLANG_WARN_DOCUMENTATION_COMMENTS = YES;
				CLANG_WARN_EMPTY_BODY = YES;
				CLANG_WARN_ENUM_CONVERSION = YES;
				CLANG_WARN_INFINITE_RECURSION = YES;
				CLANG_WARN_INT_CONVERSION = YES;
				CLANG_WARN_NON_LITERAL_NULL_CONVERSION = YES;
				CLANG_WARN_OBJC_IMPLICIT_RETAIN_SELF = YES;
				CLANG_WARN_OBJC_LITERAL_CONVERSION = YES;
				CLANG_WARN_OBJC_ROOT_CLASS = YES_ERROR;
				CLANG_WARN_QUOTED_INCLUDE_IN_FRAMEWORK_HEADER = YES;
				CLANG_WARN_RANGE_LOOP_ANALYSIS = YES;
				CLANG_WARN_STRICT_PROTOTYPES = YES;
				CLANG_WARN_SUSPICIOUS_MOVE = YES;
				CLANG_WARN_UNGUARDED_AVAILABILITY = YES_AGGRESSIVE;
				CLANG_WARN_UNREACHABLE_CODE = YES;
				CLANG_WARN__DUPLICATE_METHOD_MATCH = YES;
				COPY_PHASE_STRIP = NO;
				DEBUG_INFORMATION_FORMAT = "dwarf-with-dsym";
				ENABLE_NS_ASSERTIONS = NO;
				ENABLE_STRICT_OBJC_MSGSEND = YES;
				GCC_C_LANGUAGE_STANDARD = gnu11;
				GCC_NO_COMMON_BLOCKS = YES;
				GCC_WARN_64_TO_32_BIT_CONVERSION = YES;
				GCC_WARN_ABOUT_RETURN_TYPE = YES_ERROR;
				GCC_WARN_UNDECLARED_SELECTOR = YES;
				GCC_WARN_UNINITIALIZED_AUTOS = YES_AGGRESSIVE;
				GCC_WARN_UNUSED_FUNCTION = YES;
				GCC_WARN_UNUSED_VARIABLE = YES;
				IPHONEOS_DEPLOYMENT_TARGET = 16.0;
				MTL_ENABLE_DEBUG_INFO = NO;
				MTL_FAST_MATH = YES;
				SDKROOT = iphoneos;
				SWIFT_COMPILATION_MODE = wholemodule;
				SWIFT_OPTIMIZATION_LEVEL = "-O";
				VALIDATE_PRODUCT = YES;
			};
			name = Release;
		};
		CCF23E5828F3A4D800E105E1 /* Debug */ = {
			isa = XCBuildConfiguration;
			buildSettings = {
				ASSETCATALOG_COMPILER_APPICON_NAME = AppIcon;
				ASSETCATALOG_COMPILER_GLOBAL_ACCENT_COLOR_NAME = AccentColor;
				CODE_SIGN_STYLE = Automatic;
				CURRENT_PROJECT_VERSION = 1;
				DEVELOPMENT_TEAM = 7H4D9CD7FD;
				GENERATE_INFOPLIST_FILE = YES;
				INFOPLIST_FILE = Toss/Info.plist;
				INFOPLIST_KEY_UIApplicationSupportsIndirectInputEvents = YES;
				INFOPLIST_KEY_UILaunchStoryboardName = LaunchScreen;
				INFOPLIST_KEY_UIMainStoryboardFile = Main;
				INFOPLIST_KEY_UISupportedInterfaceOrientations_iPad = "UIInterfaceOrientationPortrait UIInterfaceOrientationPortraitUpsideDown UIInterfaceOrientationLandscapeLeft UIInterfaceOrientationLandscapeRight";
				INFOPLIST_KEY_UISupportedInterfaceOrientations_iPhone = "UIInterfaceOrientationPortrait UIInterfaceOrientationLandscapeLeft UIInterfaceOrientationLandscapeRight";
				LD_RUNPATH_SEARCH_PATHS = (
					"$(inherited)",
					"@executable_path/Frameworks",
				);
				MARKETING_VERSION = 1.0;
				PRODUCT_BUNDLE_IDENTIFIER = com.lck.Toss;
				PRODUCT_NAME = "$(TARGET_NAME)";
				SWIFT_EMIT_LOC_STRINGS = YES;
				SWIFT_VERSION = 5.0;
				TARGETED_DEVICE_FAMILY = "1,2";
			};
			name = Debug;
		};
		CCF23E5928F3A4D800E105E1 /* Release */ = {
			isa = XCBuildConfiguration;
			buildSettings = {
				ASSETCATALOG_COMPILER_APPICON_NAME = AppIcon;
				ASSETCATALOG_COMPILER_GLOBAL_ACCENT_COLOR_NAME = AccentColor;
				CODE_SIGN_STYLE = Automatic;
				CURRENT_PROJECT_VERSION = 1;
				DEVELOPMENT_TEAM = 7H4D9CD7FD;
				GENERATE_INFOPLIST_FILE = YES;
				INFOPLIST_FILE = Toss/Info.plist;
				INFOPLIST_KEY_UIApplicationSupportsIndirectInputEvents = YES;
				INFOPLIST_KEY_UILaunchStoryboardName = LaunchScreen;
				INFOPLIST_KEY_UIMainStoryboardFile = Main;
				INFOPLIST_KEY_UISupportedInterfaceOrientations_iPad = "UIInterfaceOrientationPortrait UIInterfaceOrientationPortraitUpsideDown UIInterfaceOrientationLandscapeLeft UIInterfaceOrientationLandscapeRight";
				INFOPLIST_KEY_UISupportedInterfaceOrientations_iPhone = "UIInterfaceOrientationPortrait UIInterfaceOrientationLandscapeLeft UIInterfaceOrientationLandscapeRight";
				LD_RUNPATH_SEARCH_PATHS = (
					"$(inherited)",
					"@executable_path/Frameworks",
				);
				MARKETING_VERSION = 1.0;
				PRODUCT_BUNDLE_IDENTIFIER = com.lck.Toss;
				PRODUCT_NAME = "$(TARGET_NAME)";
				SWIFT_EMIT_LOC_STRINGS = YES;
				SWIFT_VERSION = 5.0;
				TARGETED_DEVICE_FAMILY = "1,2";
			};
			name = Release;
		};
		CCF23E5B28F3A4D800E105E1 /* Debug */ = {
			isa = XCBuildConfiguration;
			buildSettings = {
				ALWAYS_EMBED_SWIFT_STANDARD_LIBRARIES = YES;
				BUNDLE_LOADER = "$(TEST_HOST)";
				CODE_SIGN_STYLE = Automatic;
				CURRENT_PROJECT_VERSION = 1;
				DEVELOPMENT_TEAM = 7H4D9CD7FD;
				GENERATE_INFOPLIST_FILE = YES;
				IPHONEOS_DEPLOYMENT_TARGET = 16.0;
				MARKETING_VERSION = 1.0;
				PRODUCT_BUNDLE_IDENTIFIER = com.lck.TossTests;
				PRODUCT_NAME = "$(TARGET_NAME)";
				SWIFT_EMIT_LOC_STRINGS = NO;
				SWIFT_VERSION = 5.0;
				TARGETED_DEVICE_FAMILY = "1,2";
				TEST_HOST = "$(BUILT_PRODUCTS_DIR)/Toss.app/$(BUNDLE_EXECUTABLE_FOLDER_PATH)/Toss";
			};
			name = Debug;
		};
		CCF23E5C28F3A4D800E105E1 /* Release */ = {
			isa = XCBuildConfiguration;
			buildSettings = {
				ALWAYS_EMBED_SWIFT_STANDARD_LIBRARIES = YES;
				BUNDLE_LOADER = "$(TEST_HOST)";
				CODE_SIGN_STYLE = Automatic;
				CURRENT_PROJECT_VERSION = 1;
				DEVELOPMENT_TEAM = 7H4D9CD7FD;
				GENERATE_INFOPLIST_FILE = YES;
				IPHONEOS_DEPLOYMENT_TARGET = 16.0;
				MARKETING_VERSION = 1.0;
				PRODUCT_BUNDLE_IDENTIFIER = com.lck.TossTests;
				PRODUCT_NAME = "$(TARGET_NAME)";
				SWIFT_EMIT_LOC_STRINGS = NO;
				SWIFT_VERSION = 5.0;
				TARGETED_DEVICE_FAMILY = "1,2";
				TEST_HOST = "$(BUILT_PRODUCTS_DIR)/Toss.app/$(BUNDLE_EXECUTABLE_FOLDER_PATH)/Toss";
			};
			name = Release;
		};
		CCF23E5E28F3A4D800E105E1 /* Debug */ = {
			isa = XCBuildConfiguration;
			buildSettings = {
				ALWAYS_EMBED_SWIFT_STANDARD_LIBRARIES = YES;
				CODE_SIGN_STYLE = Automatic;
				CURRENT_PROJECT_VERSION = 1;
				DEVELOPMENT_TEAM = 7H4D9CD7FD;
				GENERATE_INFOPLIST_FILE = YES;
				MARKETING_VERSION = 1.0;
				PRODUCT_BUNDLE_IDENTIFIER = com.lck.TossUITests;
				PRODUCT_NAME = "$(TARGET_NAME)";
				SWIFT_EMIT_LOC_STRINGS = NO;
				SWIFT_VERSION = 5.0;
				TARGETED_DEVICE_FAMILY = "1,2";
				TEST_TARGET_NAME = Toss;
			};
			name = Debug;
		};
		CCF23E5F28F3A4D800E105E1 /* Release */ = {
			isa = XCBuildConfiguration;
			buildSettings = {
				ALWAYS_EMBED_SWIFT_STANDARD_LIBRARIES = YES;
				CODE_SIGN_STYLE = Automatic;
				CURRENT_PROJECT_VERSION = 1;
				DEVELOPMENT_TEAM = 7H4D9CD7FD;
				GENERATE_INFOPLIST_FILE = YES;
				MARKETING_VERSION = 1.0;
				PRODUCT_BUNDLE_IDENTIFIER = com.lck.TossUITests;
				PRODUCT_NAME = "$(TARGET_NAME)";
				SWIFT_EMIT_LOC_STRINGS = NO;
				SWIFT_VERSION = 5.0;
				TARGETED_DEVICE_FAMILY = "1,2";
				TEST_TARGET_NAME = Toss;
			};
			name = Release;
		};
/* End XCBuildConfiguration section */

/* Begin XCConfigurationList section */
		CCF23E2528F3A4D700E105E1 /* Build configuration list for PBXProject "Toss" */ = {
			isa = XCConfigurationList;
			buildConfigurations = (
				CCF23E5528F3A4D800E105E1 /* Debug */,
				CCF23E5628F3A4D800E105E1 /* Release */,
			);
			defaultConfigurationIsVisible = 0;
			defaultConfigurationName = Release;
		};
		CCF23E5728F3A4D800E105E1 /* Build configuration list for PBXNativeTarget "Toss" */ = {
			isa = XCConfigurationList;
			buildConfigurations = (
				CCF23E5828F3A4D800E105E1 /* Debug */,
				CCF23E5928F3A4D800E105E1 /* Release */,
			);
			defaultConfigurationIsVisible = 0;
			defaultConfigurationName = Release;
		};
		CCF23E5A28F3A4D800E105E1 /* Build configuration list for PBXNativeTarget "TossTests" */ = {
			isa = XCConfigurationList;
			buildConfigurations = (
				CCF23E5B28F3A4D800E105E1 /* Debug */,
				CCF23E5C28F3A4D800E105E1 /* Release */,
			);
			defaultConfigurationIsVisible = 0;
			defaultConfigurationName = Release;
		};
		CCF23E5D28F3A4D800E105E1 /* Build configuration list for PBXNativeTarget "TossUITests" */ = {
			isa = XCConfigurationList;
			buildConfigurations = (
				CCF23E5E28F3A4D800E105E1 /* Debug */,
				CCF23E5F28F3A4D800E105E1 /* Release */,
			);
			defaultConfigurationIsVisible = 0;
			defaultConfigurationName = Release;
		};
/* End XCConfigurationList section */

/* Begin XCVersionGroup section */
		CCF23E3628F3A4D700E105E1 /* Toss.xcdatamodeld */ = {
			isa = XCVersionGroup;
			children = (
				CCF23E3728F3A4D700E105E1 /* Toss.xcdatamodel */,
			);
			currentVersion = CCF23E3728F3A4D700E105E1 /* Toss.xcdatamodel */;
			path = Toss.xcdatamodeld;
			sourceTree = "<group>";
			versionGroupType = wrapper.xcdatamodel;
		};
/* End XCVersionGroup section */
	};
	rootObject = CCF23E2228F3A4D700E105E1 /* Project object */;
}
