// !$*UTF8*$!
{
	archiveVersion = 1;
	classes = {
	};
	objectVersion = 56;
	objects = {

/* Begin PBXBuildFile section */
		CC30F9CE293C6C1300C23A1E /* AppDelegate.swift in Sources */ = {isa = PBXBuildFile; fileRef = CC30F9CD293C6C1300C23A1E /* AppDelegate.swift */; };
		CC30F9D0293C6C1300C23A1E /* SceneDelegate.swift in Sources */ = {isa = PBXBuildFile; fileRef = CC30F9CF293C6C1300C23A1E /* SceneDelegate.swift */; };
		CC30F9D5293C6C1300C23A1E /* Main.storyboard in Resources */ = {isa = PBXBuildFile; fileRef = CC30F9D3293C6C1300C23A1E /* Main.storyboard */; };
		CC30F9D7293C6C1400C23A1E /* Assets.xcassets in Resources */ = {isa = PBXBuildFile; fileRef = CC30F9D6293C6C1400C23A1E /* Assets.xcassets */; };
		CC30F9DA293C6C1400C23A1E /* LaunchScreen.storyboard in Resources */ = {isa = PBXBuildFile; fileRef = CC30F9D8293C6C1400C23A1E /* LaunchScreen.storyboard */; };
		CC30F9E2293C6C8100C23A1E /* FocusViewController.swift in Sources */ = {isa = PBXBuildFile; fileRef = CC30F9E1293C6C8100C23A1E /* FocusViewController.swift */; };
		CC30F9E4293C6C9C00C23A1E /* FocusCell.swift in Sources */ = {isa = PBXBuildFile; fileRef = CC30F9E3293C6C9C00C23A1E /* FocusCell.swift */; };
		CC30F9E6293C6F2F00C23A1E /* Focus.swift in Sources */ = {isa = PBXBuildFile; fileRef = CC30F9E5293C6F2F00C23A1E /* Focus.swift */; };
/* End PBXBuildFile section */

/* Begin PBXFileReference section */
		CC30F9CA293C6C1300C23A1E /* CollectionViewExam1.app */ = {isa = PBXFileReference; explicitFileType = wrapper.application; includeInIndex = 0; path = CollectionViewExam1.app; sourceTree = BUILT_PRODUCTS_DIR; };
		CC30F9CD293C6C1300C23A1E /* AppDelegate.swift */ = {isa = PBXFileReference; lastKnownFileType = sourcecode.swift; path = AppDelegate.swift; sourceTree = "<group>"; };
		CC30F9CF293C6C1300C23A1E /* SceneDelegate.swift */ = {isa = PBXFileReference; lastKnownFileType = sourcecode.swift; path = SceneDelegate.swift; sourceTree = "<group>"; };
		CC30F9D4293C6C1300C23A1E /* Base */ = {isa = PBXFileReference; lastKnownFileType = file.storyboard; name = Base; path = Base.lproj/Main.storyboard; sourceTree = "<group>"; };
		CC30F9D6293C6C1400C23A1E /* Assets.xcassets */ = {isa = PBXFileReference; lastKnownFileType = folder.assetcatalog; path = Assets.xcassets; sourceTree = "<group>"; };
		CC30F9D9293C6C1400C23A1E /* Base */ = {isa = PBXFileReference; lastKnownFileType = file.storyboard; name = Base; path = Base.lproj/LaunchScreen.storyboard; sourceTree = "<group>"; };
		CC30F9DB293C6C1400C23A1E /* Info.plist */ = {isa = PBXFileReference; lastKnownFileType = text.plist.xml; path = Info.plist; sourceTree = "<group>"; };
		CC30F9E1293C6C8100C23A1E /* FocusViewController.swift */ = {isa = PBXFileReference; lastKnownFileType = sourcecode.swift; path = FocusViewController.swift; sourceTree = "<group>"; };
		CC30F9E3293C6C9C00C23A1E /* FocusCell.swift */ = {isa = PBXFileReference; lastKnownFileType = sourcecode.swift; path = FocusCell.swift; sourceTree = "<group>"; };
		CC30F9E5293C6F2F00C23A1E /* Focus.swift */ = {isa = PBXFileReference; lastKnownFileType = sourcecode.swift; path = Focus.swift; sourceTree = "<group>"; };
/* End PBXFileReference section */

/* Begin PBXFrameworksBuildPhase section */
		CC30F9C7293C6C1300C23A1E /* Frameworks */ = {
			isa = PBXFrameworksBuildPhase;
			buildActionMask = 2147483647;
			files = (
			);
			runOnlyForDeploymentPostprocessing = 0;
		};
/* End PBXFrameworksBuildPhase section */

/* Begin PBXGroup section */
		CC30F9C1293C6C1300C23A1E = {
			isa = PBXGroup;
			children = (
				CC30F9CC293C6C1300C23A1E /* CollectionViewExam1 */,
				CC30F9CB293C6C1300C23A1E /* Products */,
			);
			sourceTree = "<group>";
		};
		CC30F9CB293C6C1300C23A1E /* Products */ = {
			isa = PBXGroup;
			children = (
				CC30F9CA293C6C1300C23A1E /* CollectionViewExam1.app */,
			);
			name = Products;
			sourceTree = "<group>";
		};
		CC30F9CC293C6C1300C23A1E /* CollectionViewExam1 */ = {
			isa = PBXGroup;
			children = (
				CC30F9CD293C6C1300C23A1E /* AppDelegate.swift */,
				CC30F9CF293C6C1300C23A1E /* SceneDelegate.swift */,
				CC30F9D3293C6C1300C23A1E /* Main.storyboard */,
				CC30F9D6293C6C1400C23A1E /* Assets.xcassets */,
				CC30F9D8293C6C1400C23A1E /* LaunchScreen.storyboard */,
				CC30F9DB293C6C1400C23A1E /* Info.plist */,
				CC30F9E1293C6C8100C23A1E /* FocusViewController.swift */,
				CC30F9E3293C6C9C00C23A1E /* FocusCell.swift */,
				CC30F9E5293C6F2F00C23A1E /* Focus.swift */,
			);
			path = CollectionViewExam1;
			sourceTree = "<group>";
		};
/* End PBXGroup section */

/* Begin PBXNativeTarget section */
		CC30F9C9293C6C1300C23A1E /* CollectionViewExam1 */ = {
			isa = PBXNativeTarget;
			buildConfigurationList = CC30F9DE293C6C1400C23A1E /* Build configuration list for PBXNativeTarget "CollectionViewExam1" */;
			buildPhases = (
				CC30F9C6293C6C1300C23A1E /* Sources */,
				CC30F9C7293C6C1300C23A1E /* Frameworks */,
				CC30F9C8293C6C1300C23A1E /* Resources */,
			);
			buildRules = (
			);
			dependencies = (
			);
			name = CollectionViewExam1;
			productName = CollectionViewExam1;
			productReference = CC30F9CA293C6C1300C23A1E /* CollectionViewExam1.app */;
			productType = "com.apple.product-type.application";
		};
/* End PBXNativeTarget section */

/* Begin PBXProject section */
		CC30F9C2293C6C1300C23A1E /* Project object */ = {
			isa = PBXProject;
			attributes = {
				BuildIndependentTargetsInParallel = 1;
				LastSwiftUpdateCheck = 1410;
				LastUpgradeCheck = 1410;
				TargetAttributes = {
					CC30F9C9293C6C1300C23A1E = {
						CreatedOnToolsVersion = 14.1;
					};
				};
			};
			buildConfigurationList = CC30F9C5293C6C1300C23A1E /* Build configuration list for PBXProject "CollectionViewExam1" */;
			compatibilityVersion = "Xcode 14.0";
			developmentRegion = en;
			hasScannedForEncodings = 0;
			knownRegions = (
				en,
				Base,
			);
			mainGroup = CC30F9C1293C6C1300C23A1E;
			productRefGroup = CC30F9CB293C6C1300C23A1E /* Products */;
			projectDirPath = "";
			projectRoot = "";
			targets = (
				CC30F9C9293C6C1300C23A1E /* CollectionViewExam1 */,
			);
		};
/* End PBXProject section */

/* Begin PBXResourcesBuildPhase section */
		CC30F9C8293C6C1300C23A1E /* Resources */ = {
			isa = PBXResourcesBuildPhase;
			buildActionMask = 2147483647;
			files = (
				CC30F9DA293C6C1400C23A1E /* LaunchScreen.storyboard in Resources */,
				CC30F9D7293C6C1400C23A1E /* Assets.xcassets in Resources */,
				CC30F9D5293C6C1300C23A1E /* Main.storyboard in Resources */,
			);
			runOnlyForDeploymentPostprocessing = 0;
		};
/* End PBXResourcesBuildPhase section */

/* Begin PBXSourcesBuildPhase section */
		CC30F9C6293C6C1300C23A1E /* Sources */ = {
			isa = PBXSourcesBuildPhase;
			buildActionMask = 2147483647;
			files = (
				CC30F9E6293C6F2F00C23A1E /* Focus.swift in Sources */,
				CC30F9CE293C6C1300C23A1E /* AppDelegate.swift in Sources */,
				CC30F9E2293C6C8100C23A1E /* FocusViewController.swift in Sources */,
				CC30F9E4293C6C9C00C23A1E /* FocusCell.swift in Sources */,
				CC30F9D0293C6C1300C23A1E /* SceneDelegate.swift in Sources */,
			);
			runOnlyForDeploymentPostprocessing = 0;
		};
/* End PBXSourcesBuildPhase section */

/* Begin PBXVariantGroup section */
		CC30F9D3293C6C1300C23A1E /* Main.storyboard */ = {
			isa = PBXVariantGroup;
			children = (
				CC30F9D4293C6C1300C23A1E /* Base */,
			);
			name = Main.storyboard;
			sourceTree = "<group>";
		};
		CC30F9D8293C6C1400C23A1E /* LaunchScreen.storyboard */ = {
			isa = PBXVariantGroup;
			children = (
				CC30F9D9293C6C1400C23A1E /* Base */,
			);
			name = LaunchScreen.storyboard;
			sourceTree = "<group>";
		};
/* End PBXVariantGroup section */

/* Begin XCBuildConfiguration section */
		CC30F9DC293C6C1400C23A1E /* Debug */ = {
			isa = XCBuildConfiguration;
			buildSettings = {
				ALWAYS_SEARCH_USER_PATHS = NO;
				CLANG_ANALYZER_NONNULL = YES;
				CLANG_ANALYZER_NUMBER_OBJECT_CONVERSION = YES_AGGRESSIVE;
				CLANG_CXX_LANGUAGE_STANDARD = "gnu++20";
				CLANG_ENABLE_MODULES = YES;
				CLANG_ENABLE_OBJC_ARC = YES;
				CLANG_ENABLE_OBJC_WEAK = YES;
				CLANG_WARN_BLOCK_CAPTURE_AUTORELEASING = YES;
				CLANG_WARN_BOOL_CONVERSION = YES;
				CLANG_WARN_COMMA = YES;
				CLANG_WARN_CONSTANT_CONVERSION = YES;
				CLANG_WARN_DEPRECATED_OBJC_IMPLEMENTATIONS = YES;
				CLANG_WARN_DIRECT_OBJC_ISA_USAGE = YES_ERROR;
				CLANG_WARN_DOCUMENTATION_COMMENTS = YES;
				CLANG_WARN_EMPTY_BODY = YES;
				CLANG_WARN_ENUM_CONVERSION = YES;
				CLANG_WARN_INFINITE_RECURSION = YES;
				CLANG_WARN_INT_CONVERSION = YES;
				CLANG_WARN_NON_LITERAL_NULL_CONVERSION = YES;
				CLANG_WARN_OBJC_IMPLICIT_RETAIN_SELF = YES;
				CLANG_WARN_OBJC_LITERAL_CONVERSION = YES;
				CLANG_WARN_OBJC_ROOT_CLASS = YES_ERROR;
				CLANG_WARN_QUOTED_INCLUDE_IN_FRAMEWORK_HEADER = YES;
				CLANG_WARN_RANGE_LOOP_ANALYSIS = YES;
				CLANG_WARN_STRICT_PROTOTYPES = YES;
				CLANG_WARN_SUSPICIOUS_MOVE = YES;
				CLANG_WARN_UNGUARDED_AVAILABILITY = YES_AGGRESSIVE;
				CLANG_WARN_UNREACHABLE_CODE = YES;
				CLANG_WARN__DUPLICATE_METHOD_MATCH = YES;
				COPY_PHASE_STRIP = NO;
				DEBUG_INFORMATION_FORMAT = dwarf;
				ENABLE_STRICT_OBJC_MSGSEND = YES;
				ENABLE_TESTABILITY = YES;
				GCC_C_LANGUAGE_STANDARD = gnu11;
				GCC_DYNAMIC_NO_PIC = NO;
				GCC_NO_COMMON_BLOCKS = YES;
				GCC_OPTIMIZATION_LEVEL = 0;
				GCC_PREPROCESSOR_DEFINITIONS = (
					"DEBUG=1",
					"$(inherited)",
				);
				GCC_WARN_64_TO_32_BIT_CONVERSION = YES;
				GCC_WARN_ABOUT_RETURN_TYPE = YES_ERROR;
				GCC_WARN_UNDECLARED_SELECTOR = YES;
				GCC_WARN_UNINITIALIZED_AUTOS = YES_AGGRESSIVE;
				GCC_WARN_UNUSED_FUNCTION = YES;
				GCC_WARN_UNUSED_VARIABLE = YES;
				IPHONEOS_DEPLOYMENT_TARGET = 16.1;
				MTL_ENABLE_DEBUG_INFO = INCLUDE_SOURCE;
				MTL_FAST_MATH = YES;
				ONLY_ACTIVE_ARCH = YES;
				SDKROOT = iphoneos;
				SWIFT_ACTIVE_COMPILATION_CONDITIONS = DEBUG;
				SWIFT_OPTIMIZATION_LEVEL = "-Onone";
			};
			name = Debug;
		};
		CC30F9DD293C6C1400C23A1E /* Release */ = {
			isa = XCBuildConfiguration;
			buildSettings = {
				ALWAYS_SEARCH_USER_PATHS = NO;
				CLANG_ANALYZER_NONNULL = YES;
				CLANG_ANALYZER_NUMBER_OBJECT_CONVERSION = YES_AGGRESSIVE;
				CLANG_CXX_LANGUAGE_STANDARD = "gnu++20";
				CLANG_ENABLE_MODULES = YES;
				CLANG_ENABLE_OBJC_ARC = YES;
				CLANG_ENABLE_OBJC_WEAK = YES;
				CLANG_WARN_BLOCK_CAPTURE_AUTORELEASING = YES;
				CLANG_WARN_BOOL_CONVERSION = YES;
				CLANG_WARN_COMMA = YES;
				CLANG_WARN_CONSTANT_CONVERSION = YES;
				CLANG_WARN_DEPRECATED_OBJC_IMPLEMENTATIONS = YES;
				CLANG_WARN_DIRECT_OBJC_ISA_USAGE = YES_ERROR;
				CLANG_WARN_DOCUMENTATION_COMMENTS = YES;
				CLANG_WARN_EMPTY_BODY = YES;
				CLANG_WARN_ENUM_CONVERSION = YES;
				CLANG_WARN_INFINITE_RECURSION = YES;
				CLANG_WARN_INT_CONVERSION = YES;
				CLANG_WARN_NON_LITERAL_NULL_CONVERSION = YES;
				CLANG_WARN_OBJC_IMPLICIT_RETAIN_SELF = YES;
				CLANG_WARN_OBJC_LITERAL_CONVERSION = YES;
				CLANG_WARN_OBJC_ROOT_CLASS = YES_ERROR;
				CLANG_WARN_QUOTED_INCLUDE_IN_FRAMEWORK_HEADER = YES;
				CLANG_WARN_RANGE_LOOP_ANALYSIS = YES;
				CLANG_WARN_STRICT_PROTOTYPES = YES;
				CLANG_WARN_SUSPICIOUS_MOVE = YES;
				CLANG_WARN_UNGUARDED_AVAILABILITY = YES_AGGRESSIVE;
				CLANG_WARN_UNREACHABLE_CODE = YES;
				CLANG_WARN__DUPLICATE_METHOD_MATCH = YES;
				COPY_PHASE_STRIP = NO;
				DEBUG_INFORMATION_FORMAT = "dwarf-with-dsym";
				ENABLE_NS_ASSERTIONS = NO;
				ENABLE_STRICT_OBJC_MSGSEND = YES;
				GCC_C_LANGUAGE_STANDARD = gnu11;
				GCC_NO_COMMON_BLOCKS = YES;
				GCC_WARN_64_TO_32_BIT_CONVERSION = YES;
				GCC_WARN_ABOUT_RETURN_TYPE = YES_ERROR;
				GCC_WARN_UNDECLARED_SELECTOR = YES;
				GCC_WARN_UNINITIALIZED_AUTOS = YES_AGGRESSIVE;
				GCC_WARN_UNUSED_FUNCTION = YES;
				GCC_WARN_UNUSED_VARIABLE = YES;
				IPHONEOS_DEPLOYMENT_TARGET = 16.1;
				MTL_ENABLE_DEBUG_INFO = NO;
				MTL_FAST_MATH = YES;
				SDKROOT = iphoneos;
				SWIFT_COMPILATION_MODE = wholemodule;
				SWIFT_OPTIMIZATION_LEVEL = "-O";
				VALIDATE_PRODUCT = YES;
			};
			name = Release;
		};
		CC30F9DF293C6C1400C23A1E /* Debug */ = {
			isa = XCBuildConfiguration;
			buildSettings = {
				ASSETCATALOG_COMPILER_APPICON_NAME = AppIcon;
				ASSETCATALOG_COMPILER_GLOBAL_ACCENT_COLOR_NAME = AccentColor;
				CODE_SIGN_STYLE = Automatic;
				CURRENT_PROJECT_VERSION = 1;
				DEVELOPMENT_TEAM = 7H4D9CD7FD;
				GENERATE_INFOPLIST_FILE = YES;
				INFOPLIST_FILE = CollectionViewExam1/Info.plist;
				INFOPLIST_KEY_UIApplicationSupportsIndirectInputEvents = YES;
				INFOPLIST_KEY_UILaunchStoryboardName = LaunchScreen;
				INFOPLIST_KEY_UIMainStoryboardFile = Main;
				INFOPLIST_KEY_UISupportedInterfaceOrientations_iPad = "UIInterfaceOrientationPortrait UIInterfaceOrientationPortraitUpsideDown UIInterfaceOrientationLandscapeLeft UIInterfaceOrientationLandscapeRight";
				INFOPLIST_KEY_UISupportedInterfaceOrientations_iPhone = "UIInterfaceOrientationPortrait UIInterfaceOrientationLandscapeLeft UIInterfaceOrientationLandscapeRight";
				LD_RUNPATH_SEARCH_PATHS = (
					"$(inherited)",
					"@executable_path/Frameworks",
				);
				MARKETING_VERSION = 1.0;
				PRODUCT_BUNDLE_IDENTIFIER = com.lck.CollectionViewExam1;
				PRODUCT_NAME = "$(TARGET_NAME)";
				SWIFT_EMIT_LOC_STRINGS = YES;
				SWIFT_VERSION = 5.0;
				TARGETED_DEVICE_FAMILY = "1,2";
			};
			name = Debug;
		};
		CC30F9E0293C6C1400C23A1E /* Release */ = {
			isa = XCBuildConfiguration;
			buildSettings = {
				ASSETCATALOG_COMPILER_APPICON_NAME = AppIcon;
				ASSETCATALOG_COMPILER_GLOBAL_ACCENT_COLOR_NAME = AccentColor;
				CODE_SIGN_STYLE = Automatic;
				CURRENT_PROJECT_VERSION = 1;
				DEVELOPMENT_TEAM = 7H4D9CD7FD;
				GENERATE_INFOPLIST_FILE = YES;
				INFOPLIST_FILE = CollectionViewExam1/Info.plist;
				INFOPLIST_KEY_UIApplicationSupportsIndirectInputEvents = YES;
				INFOPLIST_KEY_UILaunchStoryboardName = LaunchScreen;
				INFOPLIST_KEY_UIMainStoryboardFile = Main;
				INFOPLIST_KEY_UISupportedInterfaceOrientations_iPad = "UIInterfaceOrientationPortrait UIInterfaceOrientationPortraitUpsideDown UIInterfaceOrientationLandscapeLeft UIInterfaceOrientationLandscapeRight";
				INFOPLIST_KEY_UISupportedInterfaceOrientations_iPhone = "UIInterfaceOrientationPortrait UIInterfaceOrientationLandscapeLeft UIInterfaceOrientationLandscapeRight";
				LD_RUNPATH_SEARCH_PATHS = (
					"$(inherited)",
					"@executable_path/Frameworks",
				);
				MARKETING_VERSION = 1.0;
				PRODUCT_BUNDLE_IDENTIFIER = com.lck.CollectionViewExam1;
				PRODUCT_NAME = "$(TARGET_NAME)";
				SWIFT_EMIT_LOC_STRINGS = YES;
				SWIFT_VERSION = 5.0;
				TARGETED_DEVICE_FAMILY = "1,2";
			};
			name = Release;
		};
/* End XCBuildConfiguration section */

/* Begin XCConfigurationList section */
		CC30F9C5293C6C1300C23A1E /* Build configuration list for PBXProject "CollectionViewExam1" */ = {
			isa = XCConfigurationList;
			buildConfigurations = (
				CC30F9DC293C6C1400C23A1E /* Debug */,
				CC30F9DD293C6C1400C23A1E /* Release */,
			);
			defaultConfigurationIsVisible = 0;
			defaultConfigurationName = Release;
		};
		CC30F9DE293C6C1400C23A1E /* Build configuration list for PBXNativeTarget "CollectionViewExam1" */ = {
			isa = XCConfigurationList;
			buildConfigurations = (
				CC30F9DF293C6C1400C23A1E /* Debug */,
				CC30F9E0293C6C1400C23A1E /* Release */,
			);
			defaultConfigurationIsVisible = 0;
			defaultConfigurationName = Release;
		};
/* End XCConfigurationList section */
	};
	rootObject = CC30F9C2293C6C1300C23A1E /* Project object */;
}
